
Microsoft Visual Studio Solution File, Format Version 12.00
# Visual Studio Version 16
VisualStudioVersion = 25.0.1703.3
MinimumVisualStudioVersion = 10.0.40219.1
Project("{FAE04EC0-301F-11D3-BF4B-00C04F79EFBC}") = "MonoGame", "MonoGame.csproj", "{BF997C65-2443-44B7-88F5-84350B21F33B}"
EndProject
Global
	GlobalSection(SolutionConfigurationPlatforms) = preSolution
		Debug|Any CPU = Debug|Any CPU
		Release|Any CPU = Release|Any CPU
	EndGlobalSection
	GlobalSection(ProjectConfigurationPlatforms) = postSolution
		{BF997C65-2443-44B7-88F5-84350B21F33B}.Debug|Any CPU.ActiveCfg = Debug|Any CPU
		{BF997C65-2443-44B7-88F5-84350B21F33B}.Debug|Any CPU.Build.0 = Debug|Any CPU
		{BF997C65-2443-44B7-88F5-84350B21F33B}.Release|Any CPU.ActiveCfg = Release|Any CPU
		{BF997C65-2443-44B7-88F5-84350B21F33B}.Release|Any CPU.Build.0 = Release|Any CPU
	EndGlobalSection
	GlobalSection(SolutionProperties) = preSolution
		HideSolutionNode = FALSE
	EndGlobalSection
	GlobalSection(ExtensibilityGlobals) = postSolution
		SolutionGuid = {5E2E2607-C352-45DE-9092-4FC96D4890FF}
	EndGlobalSection
EndGlobal
